
Microsoft Visual Studio Solution File, Format Version 12.00
# Visual Studio Version 17
VisualStudioVersion = 17.2.32630.192
MinimumVisualStudioVersion = 10.0.40219.1
Project("{FAE04EC0-301F-11D3-BF4B-00C04F79EFBC}") = "Week3 Studio", "Week3 Studio\Week3 Studio.csproj", "{46AB20CF-99CF-4BB4-A0A6-F402EB195043}"
EndProject
Global
	GlobalSection(SolutionConfigurationPlatforms) = preSolution
		Debug|Any CPU = Debug|Any CPU
		Release|Any CPU = Release|Any CPU
	EndGlobalSection
	GlobalSection(ProjectConfigurationPlatforms) = postSolution
		{46AB20CF-99CF-4BB4-A0A6-F402EB195043}.Debug|Any CPU.ActiveCfg = Debug|Any CPU
		{46AB20CF-99CF-4BB4-A0A6-F402EB195043}.Debug|Any CPU.Build.0 = Debug|Any CPU
		{46AB20CF-99CF-4BB4-A0A6-F402EB195043}.Release|Any CPU.ActiveCfg = Release|Any CPU
		{46AB20CF-99CF-4BB4-A0A6-F402EB195043}.Release|Any CPU.Build.0 = Release|Any CPU
	EndGlobalSection
	GlobalSection(SolutionProperties) = preSolution
		HideSolutionNode = FALSE
	EndGlobalSection
	GlobalSection(ExtensibilityGlobals) = postSolution
		SolutionGuid = {DFC6E891-8FD2-45D7-8464-1F6566F61408}
	EndGlobalSection
EndGlobal
